
Microsoft Visual Studio Solution File, Format Version 12.00
# Visual Studio Version 17
VisualStudioVersion = 17.2.32616.157
MinimumVisualStudioVersion = 10.0.40219.1
Project("{FAE04EC0-301F-11D3-BF4B-00C04F79EFBC}") = "CreateSiteFromTemplate", "CreateSiteFromTemplate\CreateSiteFromTemplate.csproj", "{F93ECC04-47AE-44A3-A923-8E6065CC5CB0}"
EndProject
Project("{FAE04EC0-301F-11D3-BF4B-00C04F79EFBC}") = "PnPCustomHandler", "PnPCustomHandler\PnPCustomHandler.csproj", "{D99E9CAC-2545-41EB-86F0-30292438D636}"
EndProject
Global
	GlobalSection(SolutionConfigurationPlatforms) = preSolution
		Debug|Any CPU = Debug|Any CPU
		Release|Any CPU = Release|Any CPU
	EndGlobalSection
	GlobalSection(ProjectConfigurationPlatforms) = postSolution
		{F93ECC04-47AE-44A3-A923-8E6065CC5CB0}.Debug|Any CPU.ActiveCfg = Debug|Any CPU
		{F93ECC04-47AE-44A3-A923-8E6065CC5CB0}.Debug|Any CPU.Build.0 = Debug|Any CPU
		{F93ECC04-47AE-44A3-A923-8E6065CC5CB0}.Release|Any CPU.ActiveCfg = Release|Any CPU
		{F93ECC04-47AE-44A3-A923-8E6065CC5CB0}.Release|Any CPU.Build.0 = Release|Any CPU
		{D99E9CAC-2545-41EB-86F0-30292438D636}.Debug|Any CPU.ActiveCfg = Debug|Any CPU
		{D99E9CAC-2545-41EB-86F0-30292438D636}.Debug|Any CPU.Build.0 = Debug|Any CPU
		{D99E9CAC-2545-41EB-86F0-30292438D636}.Release|Any CPU.ActiveCfg = Release|Any CPU
		{D99E9CAC-2545-41EB-86F0-30292438D636}.Release|Any CPU.Build.0 = Release|Any CPU
	EndGlobalSection
	GlobalSection(SolutionProperties) = preSolution
		HideSolutionNode = FALSE
	EndGlobalSection
	GlobalSection(ExtensibilityGlobals) = postSolution
		SolutionGuid = {80D8BF7A-4883-4C44-93EC-EAEB8FE2D86B}
	EndGlobalSection
EndGlobal
